
Microsoft Visual Studio Solution File, Format Version 12.00
Project("{FAE04EC0-301F-11D3-BF4B-00C04F79EFBC}") = "ExchangeApi", "ExchangeApi\ExchangeApi.csproj", "{464D9FA4-C456-4683-997D-DC9D6CA7D90C}"
EndProject
Global
	GlobalSection(SolutionConfigurationPlatforms) = preSolution
		Debug|Any CPU = Debug|Any CPU
		Release|Any CPU = Release|Any CPU
	EndGlobalSection
	GlobalSection(ProjectConfigurationPlatforms) = postSolution
		{464D9FA4-C456-4683-997D-DC9D6CA7D90C}.Debug|Any CPU.ActiveCfg = Debug|Any CPU
		{464D9FA4-C456-4683-997D-DC9D6CA7D90C}.Debug|Any CPU.Build.0 = Debug|Any CPU
		{464D9FA4-C456-4683-997D-DC9D6CA7D90C}.Release|Any CPU.ActiveCfg = Release|Any CPU
		{464D9FA4-C456-4683-997D-DC9D6CA7D90C}.Release|Any CPU.Build.0 = Release|Any CPU
	EndGlobalSection
EndGlobal
